
Microsoft Visual Studio Solution File, Format Version 12.00
Project("{FAE04EC0-301F-11D3-BF4B-00C04F79EFBC}") = "Blazor", "Blazor\Blazor.csproj", "{6E72B925-9C28-4AA8-8B60-1D9F3CF6FC07}"
EndProject
Project("{FAE04EC0-301F-11D3-BF4B-00C04F79EFBC}") = "DTO", "DTO\DTO.csproj", "{E311E640-6D31-412A-910A-43284B5EB171}"
EndProject
Project("{FAE04EC0-301F-11D3-BF4B-00C04F79EFBC}") = "Common", "Common\Common.csproj", "{57D0D15C-503E-4DC6-A090-71078A1D03C9}"
EndProject
Project("{FAE04EC0-301F-11D3-BF4B-00C04F79EFBC}") = "Entities", "Entities\Entities.csproj", "{9CC6AEC6-DA9C-41B7-A4A2-578B22FED40A}"
EndProject
Project("{FAE04EC0-301F-11D3-BF4B-00C04F79EFBC}") = "Data", "Data\Data.csproj", "{933C5253-058A-445D-8DC1-EC0B2B315D68}"
EndProject
Project("{FAE04EC0-301F-11D3-BF4B-00C04F79EFBC}") = "Service", "Service\Service.csproj", "{952347DE-1381-4617-BE8E-D13A5DF1A101}"
EndProject
Project("{FAE04EC0-301F-11D3-BF4B-00C04F79EFBC}") = "WebFramework", "WebFramework\WebFramework.csproj", "{CF87187D-BB62-4ED2-8F66-B00E18BE1B28}"
EndProject
Global
	GlobalSection(SolutionConfigurationPlatforms) = preSolution
		Debug|Any CPU = Debug|Any CPU
		Release|Any CPU = Release|Any CPU
	EndGlobalSection
	GlobalSection(ProjectConfigurationPlatforms) = postSolution
		{6E72B925-9C28-4AA8-8B60-1D9F3CF6FC07}.Debug|Any CPU.ActiveCfg = Debug|Any CPU
		{6E72B925-9C28-4AA8-8B60-1D9F3CF6FC07}.Debug|Any CPU.Build.0 = Debug|Any CPU
		{6E72B925-9C28-4AA8-8B60-1D9F3CF6FC07}.Release|Any CPU.ActiveCfg = Release|Any CPU
		{6E72B925-9C28-4AA8-8B60-1D9F3CF6FC07}.Release|Any CPU.Build.0 = Release|Any CPU
		{E311E640-6D31-412A-910A-43284B5EB171}.Debug|Any CPU.ActiveCfg = Debug|Any CPU
		{E311E640-6D31-412A-910A-43284B5EB171}.Debug|Any CPU.Build.0 = Debug|Any CPU
		{E311E640-6D31-412A-910A-43284B5EB171}.Release|Any CPU.ActiveCfg = Release|Any CPU
		{E311E640-6D31-412A-910A-43284B5EB171}.Release|Any CPU.Build.0 = Release|Any CPU
		{57D0D15C-503E-4DC6-A090-71078A1D03C9}.Debug|Any CPU.ActiveCfg = Debug|Any CPU
		{57D0D15C-503E-4DC6-A090-71078A1D03C9}.Debug|Any CPU.Build.0 = Debug|Any CPU
		{57D0D15C-503E-4DC6-A090-71078A1D03C9}.Release|Any CPU.ActiveCfg = Release|Any CPU
		{57D0D15C-503E-4DC6-A090-71078A1D03C9}.Release|Any CPU.Build.0 = Release|Any CPU
		{9CC6AEC6-DA9C-41B7-A4A2-578B22FED40A}.Debug|Any CPU.ActiveCfg = Debug|Any CPU
		{9CC6AEC6-DA9C-41B7-A4A2-578B22FED40A}.Debug|Any CPU.Build.0 = Debug|Any CPU
		{9CC6AEC6-DA9C-41B7-A4A2-578B22FED40A}.Release|Any CPU.ActiveCfg = Release|Any CPU
		{9CC6AEC6-DA9C-41B7-A4A2-578B22FED40A}.Release|Any CPU.Build.0 = Release|Any CPU
		{933C5253-058A-445D-8DC1-EC0B2B315D68}.Debug|Any CPU.ActiveCfg = Debug|Any CPU
		{933C5253-058A-445D-8DC1-EC0B2B315D68}.Debug|Any CPU.Build.0 = Debug|Any CPU
		{933C5253-058A-445D-8DC1-EC0B2B315D68}.Release|Any CPU.ActiveCfg = Release|Any CPU
		{933C5253-058A-445D-8DC1-EC0B2B315D68}.Release|Any CPU.Build.0 = Release|Any CPU
		{952347DE-1381-4617-BE8E-D13A5DF1A101}.Debug|Any CPU.ActiveCfg = Debug|Any CPU
		{952347DE-1381-4617-BE8E-D13A5DF1A101}.Debug|Any CPU.Build.0 = Debug|Any CPU
		{952347DE-1381-4617-BE8E-D13A5DF1A101}.Release|Any CPU.ActiveCfg = Release|Any CPU
		{952347DE-1381-4617-BE8E-D13A5DF1A101}.Release|Any CPU.Build.0 = Release|Any CPU
		{CF87187D-BB62-4ED2-8F66-B00E18BE1B28}.Debug|Any CPU.ActiveCfg = Debug|Any CPU
		{CF87187D-BB62-4ED2-8F66-B00E18BE1B28}.Debug|Any CPU.Build.0 = Debug|Any CPU
		{CF87187D-BB62-4ED2-8F66-B00E18BE1B28}.Release|Any CPU.ActiveCfg = Release|Any CPU
		{CF87187D-BB62-4ED2-8F66-B00E18BE1B28}.Release|Any CPU.Build.0 = Release|Any CPU
	EndGlobalSection
EndGlobal
